<?xml version="1.0" encoding="utf-8"?>
<Project ToolsVersion="4.0" xmlns="http://schemas.microsoft.com/developer/msbuild/2003">
  <ItemGroup>
    <Filter Include="include">
      <UniqueIdentifier>{f670d412-f600-4e92-b843-337533a9f437}</UniqueIdentifier>
    </Filter>
    <Filter Include="src">
      <UniqueIdentifier>{08c7244a-a709-46dd-af3a-1b97a6801274}</UniqueIdentifier>
    </Filter>
    <Filter Include="game">
      <UniqueIdentifier>{73873f30-c655-4ebd-9571-2f102fddcc44}</UniqueIdentifier>
    </Filter>
  </ItemGroup>
  <ItemGroup>
    <ClCompile Include="..\src\client.cpp">
      <Filter>src</Filter>
    </ClCompile>
    <ClCompile Include="testclient.cpp" />
    <ClCompile Include="..\src\board.cpp">
      <Filter>game</Filter>
    </ClCompile>
    <ClCompile Include="..\src\game.cpp">
      <Filter>game</Filter>
    </ClCompile>
  </ItemGroup>
  <ItemGroup>
    <ClInclude Include="..\include\logging.hpp">
      <Filter>include</Filter>
    </ClInclude>
    <ClInclude Include="..\include\signals-helper.hpp">
      <Filter>include</Filter>
    </ClInclude>
    <ClInclude Include="..\include\type-utility.hpp">
      <Filter>include</Filter>
    </ClInclude>
    <ClInclude Include="..\include\four-across\networking\client\client.hpp">
      <Filter>include</Filter>
    </ClInclude>
    <ClInclude Include="..\include\four-across\networking\messaging.hpp">
      <Filter>include</Filter>
    </ClInclude>
  </ItemGroup>
</Project>